
Microsoft Visual Studio Solution File, Format Version 12.00
# Visual Studio Version 17
VisualStudioVersion = 17.7.34024.191
MinimumVisualStudioVersion = 10.0.40219.1
Project("{9A19103F-16F7-4668-BE54-9A1E7A4F7556}") = "Bluff.Client", "Bluff.Client\Bluff.Client.csproj", "{EF2BFF25-0B9C-45D0-AC39-640F60539927}"
EndProject
Project("{9A19103F-16F7-4668-BE54-9A1E7A4F7556}") = "Bluff.Server", "Bluff.Server\Bluff.Server.csproj", "{C9C027FF-F923-428F-91FF-6A27887DC571}"
EndProject
Project("{9A19103F-16F7-4668-BE54-9A1E7A4F7556}") = "Bluff.Domain", "Bluff.Domain\Bluff.Domain.csproj", "{2C4FADB5-6B51-4A03-8C51-14D2F2C60A25}"
EndProject
Global
	GlobalSection(SolutionConfigurationPlatforms) = preSolution
		Debug|Any CPU = Debug|Any CPU
		Release|Any CPU = Release|Any CPU
	EndGlobalSection
	GlobalSection(ProjectConfigurationPlatforms) = postSolution
		{EF2BFF25-0B9C-45D0-AC39-640F60539927}.Debug|Any CPU.ActiveCfg = Debug|Any CPU
		{EF2BFF25-0B9C-45D0-AC39-640F60539927}.Debug|Any CPU.Build.0 = Debug|Any CPU
		{EF2BFF25-0B9C-45D0-AC39-640F60539927}.Release|Any CPU.ActiveCfg = Release|Any CPU
		{EF2BFF25-0B9C-45D0-AC39-640F60539927}.Release|Any CPU.Build.0 = Release|Any CPU
		{C9C027FF-F923-428F-91FF-6A27887DC571}.Debug|Any CPU.ActiveCfg = Debug|Any CPU
		{C9C027FF-F923-428F-91FF-6A27887DC571}.Debug|Any CPU.Build.0 = Debug|Any CPU
		{C9C027FF-F923-428F-91FF-6A27887DC571}.Release|Any CPU.ActiveCfg = Release|Any CPU
		{C9C027FF-F923-428F-91FF-6A27887DC571}.Release|Any CPU.Build.0 = Release|Any CPU
		{2C4FADB5-6B51-4A03-8C51-14D2F2C60A25}.Debug|Any CPU.ActiveCfg = Debug|Any CPU
		{2C4FADB5-6B51-4A03-8C51-14D2F2C60A25}.Debug|Any CPU.Build.0 = Debug|Any CPU
		{2C4FADB5-6B51-4A03-8C51-14D2F2C60A25}.Release|Any CPU.ActiveCfg = Release|Any CPU
		{2C4FADB5-6B51-4A03-8C51-14D2F2C60A25}.Release|Any CPU.Build.0 = Release|Any CPU
	EndGlobalSection
	GlobalSection(SolutionProperties) = preSolution
		HideSolutionNode = FALSE
	EndGlobalSection
	GlobalSection(ExtensibilityGlobals) = postSolution
		SolutionGuid = {3A58FAE8-29C5-4682-A0A8-06EDE7B19602}
	EndGlobalSection
EndGlobal
